
Microsoft Visual Studio Solution File, Format Version 12.00
# Visual Studio Version 17
VisualStudioVersion = 17.6.33626.354
MinimumVisualStudioVersion = 10.0.40219.1
Project("{FAE04EC0-301F-11D3-BF4B-00C04F79EFBC}") = "ConsoleAppDefaulValuesLambdaExpr", "ConsoleAppDefaulValuesLambdaExpr.csproj", "{CCF6B3DA-BA5A-4864-B3BE-01C8C79B39F8}"
EndProject
Global
	GlobalSection(SolutionConfigurationPlatforms) = preSolution
		Debug|Any CPU = Debug|Any CPU
		Release|Any CPU = Release|Any CPU
	EndGlobalSection
	GlobalSection(ProjectConfigurationPlatforms) = postSolution
		{CCF6B3DA-BA5A-4864-B3BE-01C8C79B39F8}.Debug|Any CPU.ActiveCfg = Debug|Any CPU
		{CCF6B3DA-BA5A-4864-B3BE-01C8C79B39F8}.Debug|Any CPU.Build.0 = Debug|Any CPU
		{CCF6B3DA-BA5A-4864-B3BE-01C8C79B39F8}.Release|Any CPU.ActiveCfg = Release|Any CPU
		{CCF6B3DA-BA5A-4864-B3BE-01C8C79B39F8}.Release|Any CPU.Build.0 = Release|Any CPU
	EndGlobalSection
	GlobalSection(SolutionProperties) = preSolution
		HideSolutionNode = FALSE
	EndGlobalSection
	GlobalSection(ExtensibilityGlobals) = postSolution
		SolutionGuid = {8E36EA87-ACE9-4885-B6AB-EC1055DFE023}
	EndGlobalSection
EndGlobal
